{
  "name": "pgp-reply-back-symfony",
  "lockfileVersion": 3,
  "requires": true,
  "packages": {
    "": {
      "dependencies": {
        "mac-ca": "^3.1.0"
      }
    },
    "node_modules/mac-ca": {
      "version": "3.1.0",
      "resolved": "https://registry.npmjs.org/mac-ca/-/mac-ca-3.1.0.tgz",
      "integrity": "sha512-ts8slRarTfSQhtEYRVRjfLMEOsvFBtZdlnI6jvqAcWAS8dSQwyrcACkFz5GvV4bshe3WAOcPHwN8fuovdqsxOQ==",
      "dependencies": {
        "node-forge": "^1.3.1",
        "undici": "^6.16.1"
      }
    },
    "node_modules/node-forge": {
      "version": "1.3.1",
      "resolved": "https://registry.npmjs.org/node-forge/-/node-forge-1.3.1.tgz",
      "integrity": "sha512-dPEtOeMvF9VMcYV/1Wb8CPoVAXtp6MKMlcbAt4ddqmGqUJ6fQZFXkNZNkNlfevtNkGtaSoXf/vNNNSvgrdXwtA==",
      "engines": {
        "node": ">= 6.13.0"
      }
    },
    "node_modules/undici": {
      "version": "6.21.1",
      "resolved": "https://registry.npmjs.org/undici/-/undici-6.21.1.tgz",
      "integrity": "sha512-q/1rj5D0/zayJB2FraXdaWxbhWiNKDvu8naDT2dl1yTlvJp4BLtOcp2a5BvgGNQpYYJzau7tf1WgKv3b+7mqpQ==",
      "engines": {
        "node": ">=18.17"
      }
    }
  }
}
